
Microsoft Visual Studio Solution File, Format Version 12.00
# Visual Studio Version 17
VisualStudioVersion = 17.14.36203.30 d17.14
MinimumVisualStudioVersion = 10.0.40219.1
Project("{FAE04EC0-301F-11D3-BF4B-00C04F79EFBC}") = "RabbitMQ.Consumer", "RabbitMQ.Consumer.csproj", "{BD62A93F-59A3-43F8-B562-75FE25F197E7}"
EndProject
Global
	GlobalSection(SolutionConfigurationPlatforms) = preSolution
		Debug|Any CPU = Debug|Any CPU
		Release|Any CPU = Release|Any CPU
	EndGlobalSection
	GlobalSection(ProjectConfigurationPlatforms) = postSolution
		{BD62A93F-59A3-43F8-B562-75FE25F197E7}.Debug|Any CPU.ActiveCfg = Debug|Any CPU
		{BD62A93F-59A3-43F8-B562-75FE25F197E7}.Debug|Any CPU.Build.0 = Debug|Any CPU
		{BD62A93F-59A3-43F8-B562-75FE25F197E7}.Release|Any CPU.ActiveCfg = Release|Any CPU
		{BD62A93F-59A3-43F8-B562-75FE25F197E7}.Release|Any CPU.Build.0 = Release|Any CPU
	EndGlobalSection
	GlobalSection(SolutionProperties) = preSolution
		HideSolutionNode = FALSE
	EndGlobalSection
	GlobalSection(ExtensibilityGlobals) = postSolution
		SolutionGuid = {85B9AAD1-8932-46ED-9790-33ABCA72FF35}
	EndGlobalSection
EndGlobal
